{
  "originHash" : "befad805c21d0b32b0d1e8f12b95529e5072a53824ee91c1d480fa971e83f381",
  "pins" : [
    {
      "identity" : "swift-core",
      "kind" : "remoteSourceControl",
      "location" : "https://github.com/vsmbd/swift-core.git",
      "state" : {
        "branch" : "main",
        "revision" : "bdc2c74f5075d65632c9c5b60e4bff4a69629954"
      }
    },
    {
      "identity" : "swift-eventdispatch",
      "kind" : "remoteSourceControl",
      "location" : "https://github.com/vsmbd/swift-eventdispatch.git",
      "state" : {
        "branch" : "main",
        "revision" : "2f0acafada386c95509bee40e158d21a87b358da"
      }
    },
    {
      "identity" : "swift-kvstore",
      "kind" : "remoteSourceControl",
      "location" : "https://github.com/vsmbd/swift-kvstore.git",
      "state" : {
        "branch" : "main",
        "revision" : "77768d82fbd2f0e30951090fb61bde651a3a6957"
      }
    },
    {
      "identity" : "swift-telme",
      "kind" : "remoteSourceControl",
      "location" : "https://github.com/vsmbd/swift-telme.git",
      "state" : {
        "branch" : "main",
        "revision" : "b938fdab9ad42f145b168e06b561b32b2a41670b"
      }
    }
  ],
  "version" : 3
}
