{
  "originHash" : "52167dba28c669ebdbab5ec2164dc09dbc8db63a46b78fe40edd71b33ec2068c",
  "pins" : [
    {
      "identity" : "swift-core",
      "kind" : "remoteSourceControl",
      "location" : "https://github.com/vsmbd/swift-core.git",
      "state" : {
        "branch" : "main",
        "revision" : "97d19cbd3d193c8feee8e41e84f017f6800d05bb"
      }
    },
    {
      "identity" : "swift-eventdispatch",
      "kind" : "remoteSourceControl",
      "location" : "https://github.com/vsmbd/swift-eventdispatch.git",
      "state" : {
        "branch" : "main",
        "revision" : "86e5edee42429f41847ca2a2795104e37bf8b84f"
      }
    },
    {
      "identity" : "swift-kvstore",
      "kind" : "remoteSourceControl",
      "location" : "https://github.com/vsmbd/swift-kvstore.git",
      "state" : {
        "branch" : "main",
        "revision" : "97e21b25cd3fe9be24ea5d4eaf8d5b4589c3bf76"
      }
    },
    {
      "identity" : "swift-telme",
      "kind" : "remoteSourceControl",
      "location" : "https://github.com/vsmbd/swift-telme.git",
      "state" : {
        "branch" : "main",
        "revision" : "12014ee1acc3b32cca75963575b5a52fe7c04d04"
      }
    }
  ],
  "version" : 3
}
