{
  "originHash" : "52167dba28c669ebdbab5ec2164dc09dbc8db63a46b78fe40edd71b33ec2068c",
  "pins" : [
    {
      "identity" : "swift-core",
      "kind" : "remoteSourceControl",
      "location" : "https://github.com/vsmbd/swift-core.git",
      "state" : {
        "branch" : "main",
        "revision" : "adaffffaf219c6149268f2bfa02512aeb2da841f"
      }
    },
    {
      "identity" : "swift-eventdispatch",
      "kind" : "remoteSourceControl",
      "location" : "https://github.com/vsmbd/swift-eventdispatch.git",
      "state" : {
        "branch" : "main",
        "revision" : "36c4083118d35100ea86f411a61330a9b745bfa3"
      }
    },
    {
      "identity" : "swift-kvstore",
      "kind" : "remoteSourceControl",
      "location" : "https://github.com/vsmbd/swift-kvstore.git",
      "state" : {
        "branch" : "main",
        "revision" : "65d12e13893f0c8bf47c9770ba1f753ec1032032"
      }
    },
    {
      "identity" : "swift-telme",
      "kind" : "remoteSourceControl",
      "location" : "https://github.com/vsmbd/swift-telme.git",
      "state" : {
        "branch" : "main",
        "revision" : "baa99e69ec87d95dab8a10f0775c7633c8872b20"
      }
    }
  ],
  "version" : 3
}
